
Microsoft Visual Studio Solution File, Format Version 12.00
# Visual Studio 14
VisualStudioVersion = 14.0.25420.1
MinimumVisualStudioVersion = 10.0.40219.1
Project("{8BC9CEB8-8B4A-11D0-8D11-00A0C91BC942}") = "AVL Tree", "AVL Tree\AVL Tree.vcxproj", "{70121DA3-DFFD-4C4E-86D8-588715FAE630}"
EndProject
Project("{8BC9CEB8-8B4A-11D0-8D11-00A0C91BC942}") = "proxydll", "proxydll_9\proxydll.vcxproj", "{02EB97D5-B1C5-411E-8274-83A95985DE6F}"
EndProject
Project("{8BC9CEB8-8B4A-11D0-8D11-00A0C91BC942}") = "proxydllx64", "proxydllx64\proxydllx64.vcxproj", "{7435A69C-D696-4CA5-B14B-B316623D7BE5}"
EndProject
Project("{8BC9CEB8-8B4A-11D0-8D11-00A0C91BC942}") = "vc3hk", "vc3hk\vc3hk.vcxproj", "{B99B32CE-F5BE-4A3A-8FBA-040E3E09B731}"
EndProject
Project("{F184B08F-C81C-45F6-A57F-5ABD9991F28F}") = "ACR SAVEGAME TOOL VB", "ACR SAVEGAME TOOL VB\ACR SAVEGAME TOOL VB.vbproj", "{0C86F78D-DB6A-4420-91E9-ADB16D7C73D0}"
EndProject
Global
	GlobalSection(SolutionConfigurationPlatforms) = preSolution
		Debug|Any CPU = Debug|Any CPU
		Debug|ARM = Debug|ARM
		Debug|x64 = Debug|x64
		Debug|x86 = Debug|x86
		Release|Any CPU = Release|Any CPU
		Release|ARM = Release|ARM
		Release|x64 = Release|x64
		Release|x86 = Release|x86
	EndGlobalSection
	GlobalSection(ProjectConfigurationPlatforms) = postSolution
		{70121DA3-DFFD-4C4E-86D8-588715FAE630}.Debug|Any CPU.ActiveCfg = Debug|Win32
		{70121DA3-DFFD-4C4E-86D8-588715FAE630}.Debug|ARM.ActiveCfg = Debug|Win32
		{70121DA3-DFFD-4C4E-86D8-588715FAE630}.Debug|x64.ActiveCfg = Debug|x64
		{70121DA3-DFFD-4C4E-86D8-588715FAE630}.Debug|x86.ActiveCfg = Debug|Win32
		{70121DA3-DFFD-4C4E-86D8-588715FAE630}.Release|Any CPU.ActiveCfg = Release|Win32
		{70121DA3-DFFD-4C4E-86D8-588715FAE630}.Release|ARM.ActiveCfg = Release|Win32
		{70121DA3-DFFD-4C4E-86D8-588715FAE630}.Release|x64.ActiveCfg = Release|x64
		{70121DA3-DFFD-4C4E-86D8-588715FAE630}.Release|x86.ActiveCfg = Release|Win32
		{02EB97D5-B1C5-411E-8274-83A95985DE6F}.Debug|Any CPU.ActiveCfg = Debug|Win32
		{02EB97D5-B1C5-411E-8274-83A95985DE6F}.Debug|ARM.ActiveCfg = Debug|Win32
		{02EB97D5-B1C5-411E-8274-83A95985DE6F}.Debug|x64.ActiveCfg = Debug|x64
		{02EB97D5-B1C5-411E-8274-83A95985DE6F}.Debug|x86.ActiveCfg = Debug|Win32
		{02EB97D5-B1C5-411E-8274-83A95985DE6F}.Debug|x86.Build.0 = Debug|Win32
		{02EB97D5-B1C5-411E-8274-83A95985DE6F}.Release|Any CPU.ActiveCfg = Release|Win32
		{02EB97D5-B1C5-411E-8274-83A95985DE6F}.Release|ARM.ActiveCfg = Release|Win32
		{02EB97D5-B1C5-411E-8274-83A95985DE6F}.Release|x64.ActiveCfg = Release|x64
		{02EB97D5-B1C5-411E-8274-83A95985DE6F}.Release|x86.ActiveCfg = Release|Win32
		{02EB97D5-B1C5-411E-8274-83A95985DE6F}.Release|x86.Build.0 = Release|Win32
		{7435A69C-D696-4CA5-B14B-B316623D7BE5}.Debug|Any CPU.ActiveCfg = Debug|x64
		{7435A69C-D696-4CA5-B14B-B316623D7BE5}.Debug|ARM.ActiveCfg = Debug|x64
		{7435A69C-D696-4CA5-B14B-B316623D7BE5}.Debug|x64.ActiveCfg = Debug|x64
		{7435A69C-D696-4CA5-B14B-B316623D7BE5}.Debug|x64.Build.0 = Debug|x64
		{7435A69C-D696-4CA5-B14B-B316623D7BE5}.Debug|x86.ActiveCfg = Debug|x64
		{7435A69C-D696-4CA5-B14B-B316623D7BE5}.Release|Any CPU.ActiveCfg = Release|x64
		{7435A69C-D696-4CA5-B14B-B316623D7BE5}.Release|ARM.ActiveCfg = Release|x64
		{7435A69C-D696-4CA5-B14B-B316623D7BE5}.Release|x64.ActiveCfg = Release|x64
		{7435A69C-D696-4CA5-B14B-B316623D7BE5}.Release|x64.Build.0 = Release|x64
		{7435A69C-D696-4CA5-B14B-B316623D7BE5}.Release|x86.ActiveCfg = Release|x64
		{B99B32CE-F5BE-4A3A-8FBA-040E3E09B731}.Debug|Any CPU.ActiveCfg = Debug|Win32
		{B99B32CE-F5BE-4A3A-8FBA-040E3E09B731}.Debug|ARM.ActiveCfg = Debug|Win32
		{B99B32CE-F5BE-4A3A-8FBA-040E3E09B731}.Debug|x64.ActiveCfg = Debug|Win32
		{B99B32CE-F5BE-4A3A-8FBA-040E3E09B731}.Debug|x86.ActiveCfg = Debug|Win32
		{B99B32CE-F5BE-4A3A-8FBA-040E3E09B731}.Debug|x86.Build.0 = Debug|Win32
		{B99B32CE-F5BE-4A3A-8FBA-040E3E09B731}.Release|Any CPU.ActiveCfg = Release|Win32
		{B99B32CE-F5BE-4A3A-8FBA-040E3E09B731}.Release|ARM.ActiveCfg = Release|Win32
		{B99B32CE-F5BE-4A3A-8FBA-040E3E09B731}.Release|x64.ActiveCfg = Release|Win32
		{B99B32CE-F5BE-4A3A-8FBA-040E3E09B731}.Release|x86.ActiveCfg = Release|Win32
		{B99B32CE-F5BE-4A3A-8FBA-040E3E09B731}.Release|x86.Build.0 = Release|Win32
		{0C86F78D-DB6A-4420-91E9-ADB16D7C73D0}.Debug|Any CPU.ActiveCfg = Debug|Any CPU
		{0C86F78D-DB6A-4420-91E9-ADB16D7C73D0}.Debug|Any CPU.Build.0 = Debug|Any CPU
		{0C86F78D-DB6A-4420-91E9-ADB16D7C73D0}.Debug|ARM.ActiveCfg = Debug|Any CPU
		{0C86F78D-DB6A-4420-91E9-ADB16D7C73D0}.Debug|ARM.Build.0 = Debug|Any CPU
		{0C86F78D-DB6A-4420-91E9-ADB16D7C73D0}.Debug|x64.ActiveCfg = Debug|Any CPU
		{0C86F78D-DB6A-4420-91E9-ADB16D7C73D0}.Debug|x64.Build.0 = Debug|Any CPU
		{0C86F78D-DB6A-4420-91E9-ADB16D7C73D0}.Debug|x86.ActiveCfg = Debug|Any CPU
		{0C86F78D-DB6A-4420-91E9-ADB16D7C73D0}.Debug|x86.Build.0 = Debug|Any CPU
		{0C86F78D-DB6A-4420-91E9-ADB16D7C73D0}.Release|Any CPU.ActiveCfg = Release|Any CPU
		{0C86F78D-DB6A-4420-91E9-ADB16D7C73D0}.Release|Any CPU.Build.0 = Release|Any CPU
		{0C86F78D-DB6A-4420-91E9-ADB16D7C73D0}.Release|ARM.ActiveCfg = Release|Any CPU
		{0C86F78D-DB6A-4420-91E9-ADB16D7C73D0}.Release|ARM.Build.0 = Release|Any CPU
		{0C86F78D-DB6A-4420-91E9-ADB16D7C73D0}.Release|x64.ActiveCfg = Release|Any CPU
		{0C86F78D-DB6A-4420-91E9-ADB16D7C73D0}.Release|x64.Build.0 = Release|Any CPU
		{0C86F78D-DB6A-4420-91E9-ADB16D7C73D0}.Release|x86.ActiveCfg = Release|Any CPU
		{0C86F78D-DB6A-4420-91E9-ADB16D7C73D0}.Release|x86.Build.0 = Release|Any CPU
	EndGlobalSection
	GlobalSection(SolutionProperties) = preSolution
		HideSolutionNode = FALSE
	EndGlobalSection
EndGlobal
