<?xml version="1.0" encoding="utf-8"?>
<Project ToolsVersion="4.0" xmlns="http://schemas.microsoft.com/developer/msbuild/2003">
  <ItemGroup>
    <Filter Include="FB_SDK">
      <UniqueIdentifier>{25904f8d-a36c-48b7-879b-a214f9b69630}</UniqueIdentifier>
    </Filter>
    <Filter Include="Source">
      <UniqueIdentifier>{4FC737F1-C7A5-4376-A066-2A32D752A2FF}</UniqueIdentifier>
      <Extensions>cpp;c;cc;cxx;def;odl;idl;hpj;bat;asm;asmx</Extensions>
    </Filter>
    <Filter Include="Header">
      <UniqueIdentifier>{93995380-89BD-4b04-88EB-625FBE52EBFB}</UniqueIdentifier>
      <Extensions>h;hh;hpp;hxx;hm;inl;inc;xsd</Extensions>
    </Filter>
  </ItemGroup>
  <ItemGroup>
    <ClInclude Include="stdafx.h">
      <Filter>Header</Filter>
    </ClInclude>
    <ClInclude Include="targetver.h">
      <Filter>Header</Filter>
    </ClInclude>
    <ClInclude Include="enums.h">
      <Filter>Header</Filter>
    </ClInclude>
    <ClInclude Include="poly34.h">
      <Filter>Header</Filter>
    </ClInclude>
    <ClInclude Include="hkheader.h">
      <Filter>Header</Filter>
    </ClInclude>
    <ClInclude Include="Aimbot.h">
      <Filter>Header</Filter>
    </ClInclude>
    <ClInclude Include="FB_SDK\ClassT.h">
      <Filter>FB_SDK</Filter>
    </ClInclude>
    <ClInclude Include="FB_SDK\Client.h">
      <Filter>FB_SDK</Filter>
    </ClInclude>
    <ClInclude Include="FB_SDK\ClientControllableEntity.h">
      <Filter>FB_SDK</Filter>
    </ClInclude>
    <ClInclude Include="FB_SDK\ClientGameContext.h">
      <Filter>FB_SDK</Filter>
    </ClInclude>
    <ClInclude Include="FB_SDK\ClientPlayer.h">
      <Filter>FB_SDK</Filter>
    </ClInclude>
    <ClInclude Include="FB_SDK\DataContainer.h">
      <Filter>FB_SDK</Filter>
    </ClInclude>
    <ClInclude Include="FB_SDK\Enumerations.h">
      <Filter>FB_SDK</Filter>
    </ClInclude>
    <ClInclude Include="FB_SDK\Frostbite.h">
      <Filter>FB_SDK</Filter>
    </ClInclude>
    <ClInclude Include="FB_SDK\Frostbite_Classes.h">
      <Filter>FB_SDK</Filter>
    </ClInclude>
    <ClInclude Include="FB_SDK\Includes.h">
      <Filter>FB_SDK</Filter>
    </ClInclude>
    <ClInclude Include="FB_SDK\ITypedObject.h">
      <Filter>FB_SDK</Filter>
    </ClInclude>
    <ClInclude Include="FB_SDK\Main.h">
      <Filter>FB_SDK</Filter>
    </ClInclude>
    <ClInclude Include="FB_SDK\Mat4.h">
      <Filter>FB_SDK</Filter>
    </ClInclude>
    <ClInclude Include="FB_SDK\Offsets.h">
      <Filter>FB_SDK</Filter>
    </ClInclude>
    <ClInclude Include="FB_SDK\Server.h">
      <Filter>FB_SDK</Filter>
    </ClInclude>
    <ClInclude Include="FB_SDK\Vec2.h">
      <Filter>FB_SDK</Filter>
    </ClInclude>
    <ClInclude Include="FB_SDK\Vec3Transform.h">
      <Filter>FB_SDK</Filter>
    </ClInclude>
    <ClInclude Include="FB_SDK\x64_sdk.hpp">
      <Filter>FB_SDK</Filter>
    </ClInclude>
    <ClInclude Include="FB_SDK\ClientChildComponent.h">
      <Filter>FB_SDK</Filter>
    </ClInclude>
    <ClInclude Include="FB_SDK\ClientChildBarrelComponent.h">
      <Filter>FB_SDK</Filter>
    </ClInclude>
    <ClInclude Include="FB_SDK\Vec4.h">
      <Filter>FB_SDK</Filter>
    </ClInclude>
  </ItemGroup>
  <ItemGroup>
    <ClCompile Include="stdafx.cpp">
      <Filter>Source</Filter>
    </ClCompile>
    <ClCompile Include="vc4hk.cpp">
      <Filter>Source</Filter>
    </ClCompile>
    <ClCompile Include="poly34.cpp">
      <Filter>Source</Filter>
    </ClCompile>
    <ClCompile Include="Aimbot.cpp">
      <Filter>Source</Filter>
    </ClCompile>
    <ClCompile Include="hkheader.cpp">
      <Filter>Source</Filter>
    </ClCompile>
  </ItemGroup>
</Project>